
Microsoft Visual Studio Solution File, Format Version 12.00
# Visual Studio Version 17
VisualStudioVersion = 17.8.34322.80
MinimumVisualStudioVersion = 10.0.40219.1
Project("{FAE04EC0-301F-11D3-BF4B-00C04F79EFBC}") = "EnergyMeterTestTask", "EnergyMeterTestTask\EnergyMeterTestTask.csproj", "{644097D3-3526-40A8-A046-FBE99FED55F8}"
EndProject
Global
	GlobalSection(SolutionConfigurationPlatforms) = preSolution
		Debug|Any CPU = Debug|Any CPU
		Release|Any CPU = Release|Any CPU
	EndGlobalSection
	GlobalSection(ProjectConfigurationPlatforms) = postSolution
		{644097D3-3526-40A8-A046-FBE99FED55F8}.Debug|Any CPU.ActiveCfg = Debug|Any CPU
		{644097D3-3526-40A8-A046-FBE99FED55F8}.Debug|Any CPU.Build.0 = Debug|Any CPU
		{644097D3-3526-40A8-A046-FBE99FED55F8}.Release|Any CPU.ActiveCfg = Release|Any CPU
		{644097D3-3526-40A8-A046-FBE99FED55F8}.Release|Any CPU.Build.0 = Release|Any CPU
	EndGlobalSection
	GlobalSection(SolutionProperties) = preSolution
		HideSolutionNode = FALSE
	EndGlobalSection
	GlobalSection(ExtensibilityGlobals) = postSolution
		SolutionGuid = {75776B90-DEAC-4BF3-A1A0-2C909408EF0D}
	EndGlobalSection
EndGlobal
